{
  "requires": true,
  "lockfileVersion": 1,
  "dependencies": {
    "wijmo": {
      "version": "5.20183.568",
      "resolved": "https://registry.npmjs.org/wijmo/-/wijmo-5.20183.568.tgz",
      "integrity": "sha512-1ZHcOwZr6l4gNaHH8cYhWDXIIMSrxFqhnzu58IBlKIkF8ZxnggApv2xJig9GpFoFmJ/vQIT0gR4HydRaE3EG2Q=="
    }
  }
}
